
Microsoft Visual Studio Solution File, Format Version 12.00
# Visual Studio Version 16
VisualStudioVersion = 16.0.30523.141
MinimumVisualStudioVersion = 10.0.40219.1
Project("{FAE04EC0-301F-11D3-BF4B-00C04F79EFBC}") = "FatBoy", "FatBoy\FatBoy.csproj", "{66422EA3-0046-4DBC-ACB6-7108B360375E}"
EndProject
Global
	GlobalSection(SolutionConfigurationPlatforms) = preSolution
		Debug|Any CPU = Debug|Any CPU
		Release|Any CPU = Release|Any CPU
	EndGlobalSection
	GlobalSection(ProjectConfigurationPlatforms) = postSolution
		{66422EA3-0046-4DBC-ACB6-7108B360375E}.Debug|Any CPU.ActiveCfg = Debug|Any CPU
		{66422EA3-0046-4DBC-ACB6-7108B360375E}.Debug|Any CPU.Build.0 = Debug|Any CPU
		{66422EA3-0046-4DBC-ACB6-7108B360375E}.Release|Any CPU.ActiveCfg = Release|Any CPU
		{66422EA3-0046-4DBC-ACB6-7108B360375E}.Release|Any CPU.Build.0 = Release|Any CPU
	EndGlobalSection
	GlobalSection(SolutionProperties) = preSolution
		HideSolutionNode = FALSE
	EndGlobalSection
	GlobalSection(ExtensibilityGlobals) = postSolution
		SolutionGuid = {C8E3533D-3285-4EE2-83AD-25531804AFFD}
	EndGlobalSection
EndGlobal
